{
  "name": "holy",
  "version": "0.0.1",
  "lockfileVersion": 3,
  "requires": true,
  "packages": {
    "": {
      "name": "holy",
      "version": "0.0.1",
      "license": "ISC",
      "dependencies": {
        "holy": "^0.0.0"
      }
    },
    "node_modules/holy": {
      "version": "0.0.0",
      "resolved": "https://registry.npmjs.org/holy/-/holy-0.0.0.tgz",
      "integrity": "sha512-R/f3DOdpe+pKc+8wMKLUSHKzOiH4Uo6KznHnFP6eWrtr15RDPA8sdI+gmp4wQxPIuhjrrp1gBEVBIXKpq70RIA==",
      "license": "GPL-2.0"
    }
  }
}
